
Microsoft Visual Studio Solution File, Format Version 12.00
# Visual Studio Version 17
VisualStudioVersion = 17.7.34024.191
MinimumVisualStudioVersion = 10.0.40219.1
Project("{FAE04EC0-301F-11D3-BF4B-00C04F79EFBC}") = "Homework_8", "Homework_8\Homework_8.csproj", "{B107275F-DA50-43AB-B3EF-A1CB80CE6F2C}"
EndProject
Global
	GlobalSection(SolutionConfigurationPlatforms) = preSolution
		Debug|Any CPU = Debug|Any CPU
		Release|Any CPU = Release|Any CPU
	EndGlobalSection
	GlobalSection(ProjectConfigurationPlatforms) = postSolution
		{B107275F-DA50-43AB-B3EF-A1CB80CE6F2C}.Debug|Any CPU.ActiveCfg = Debug|Any CPU
		{B107275F-DA50-43AB-B3EF-A1CB80CE6F2C}.Debug|Any CPU.Build.0 = Debug|Any CPU
		{B107275F-DA50-43AB-B3EF-A1CB80CE6F2C}.Release|Any CPU.ActiveCfg = Release|Any CPU
		{B107275F-DA50-43AB-B3EF-A1CB80CE6F2C}.Release|Any CPU.Build.0 = Release|Any CPU
	EndGlobalSection
	GlobalSection(SolutionProperties) = preSolution
		HideSolutionNode = FALSE
	EndGlobalSection
	GlobalSection(ExtensibilityGlobals) = postSolution
		SolutionGuid = {42C08AFB-5190-4A03-8206-9C2B6A1B3C12}
	EndGlobalSection
EndGlobal
